
Microsoft Visual Studio Solution File, Format Version 12.00
# Visual Studio 15
Project("{FAE04EC0-301F-11D3-BF4B-00C04F79EFBC}") = "Assembly-CSharp", "Assembly-CSharp.csproj", "{EA893168-AE33-901B-49E6-B83BBA7BE268}"
EndProject
Project("{FAE04EC0-301F-11D3-BF4B-00C04F79EFBC}") = "Assembly-CSharp-Editor", "Assembly-CSharp-Editor.csproj", "{B3319408-D7BA-6CBC-5A68-DAACB2A0FF49}"
EndProject
Global
	GlobalSection(SolutionConfigurationPlatforms) = preSolution
		Debug|Any CPU = Debug|Any CPU
		Release|Any CPU = Release|Any CPU
	EndGlobalSection
	GlobalSection(ProjectConfigurationPlatforms) = postSolution
		{EA893168-AE33-901B-49E6-B83BBA7BE268}.Debug|Any CPU.ActiveCfg = Debug|Any CPU
		{EA893168-AE33-901B-49E6-B83BBA7BE268}.Debug|Any CPU.Build.0 = Debug|Any CPU
		{EA893168-AE33-901B-49E6-B83BBA7BE268}.Release|Any CPU.ActiveCfg = Release|Any CPU
		{EA893168-AE33-901B-49E6-B83BBA7BE268}.Release|Any CPU.Build.0 = Release|Any CPU
		{B3319408-D7BA-6CBC-5A68-DAACB2A0FF49}.Debug|Any CPU.ActiveCfg = Debug|Any CPU
		{B3319408-D7BA-6CBC-5A68-DAACB2A0FF49}.Debug|Any CPU.Build.0 = Debug|Any CPU
		{B3319408-D7BA-6CBC-5A68-DAACB2A0FF49}.Release|Any CPU.ActiveCfg = Release|Any CPU
		{B3319408-D7BA-6CBC-5A68-DAACB2A0FF49}.Release|Any CPU.Build.0 = Release|Any CPU
	EndGlobalSection
	GlobalSection(SolutionProperties) = preSolution
		HideSolutionNode = FALSE
	EndGlobalSection
	GlobalSection(MonoDevelopProperties) = preSolution
		StartupItem = Assembly-CSharp.csproj
	EndGlobalSection
EndGlobal
